
Microsoft Visual Studio Solution File, Format Version 12.00
# Visual Studio Version 16
Project("{8BC9CEB8-8B4A-11D0-8D11-00A0C91BC942}") = "ALL_BUILD", "ALL_BUILD.vcxproj", "{083B61A4-844D-3C34-827E-9A2D9D285467}"
	ProjectSection(ProjectDependencies) = postProject
		{A965F410-4DFB-3913-87AA-A00B3AB3869A} = {A965F410-4DFB-3913-87AA-A00B3AB3869A}
	EndProjectSection
EndProject
Project("{8BC9CEB8-8B4A-11D0-8D11-00A0C91BC942}") = "INSTALL", "INSTALL.vcxproj", "{1EF5040A-1038-3CD1-8071-A92CBCDEF2CD}"
	ProjectSection(ProjectDependencies) = postProject
		{083B61A4-844D-3C34-827E-9A2D9D285467} = {083B61A4-844D-3C34-827E-9A2D9D285467}
		{A965F410-4DFB-3913-87AA-A00B3AB3869A} = {A965F410-4DFB-3913-87AA-A00B3AB3869A}
	EndProjectSection
EndProject
Project("{8BC9CEB8-8B4A-11D0-8D11-00A0C91BC942}") = "ZERO_CHECK", "..\\ZERO_CHECK.vcxproj", "{A965F410-4DFB-3913-87AA-A00B3AB3869A}"
	ProjectSection(ProjectDependencies) = postProject
	EndProjectSection
EndProject
Global
	GlobalSection(SolutionConfigurationPlatforms) = preSolution
		Debug|x64 = Debug|x64
		Release|x64 = Release|x64
		MinSizeRel|x64 = MinSizeRel|x64
		RelWithDebInfo|x64 = RelWithDebInfo|x64
	EndGlobalSection
	GlobalSection(ProjectConfigurationPlatforms) = postSolution
		{083B61A4-844D-3C34-827E-9A2D9D285467}.Debug|x64.ActiveCfg = Debug|x64
		{083B61A4-844D-3C34-827E-9A2D9D285467}.Debug|x64.Build.0 = Debug|x64
		{083B61A4-844D-3C34-827E-9A2D9D285467}.Release|x64.ActiveCfg = Release|x64
		{083B61A4-844D-3C34-827E-9A2D9D285467}.Release|x64.Build.0 = Release|x64
		{083B61A4-844D-3C34-827E-9A2D9D285467}.MinSizeRel|x64.ActiveCfg = MinSizeRel|x64
		{083B61A4-844D-3C34-827E-9A2D9D285467}.MinSizeRel|x64.Build.0 = MinSizeRel|x64
		{083B61A4-844D-3C34-827E-9A2D9D285467}.RelWithDebInfo|x64.ActiveCfg = RelWithDebInfo|x64
		{083B61A4-844D-3C34-827E-9A2D9D285467}.RelWithDebInfo|x64.Build.0 = RelWithDebInfo|x64
		{1EF5040A-1038-3CD1-8071-A92CBCDEF2CD}.Debug|x64.ActiveCfg = Debug|x64
		{1EF5040A-1038-3CD1-8071-A92CBCDEF2CD}.Release|x64.ActiveCfg = Release|x64
		{1EF5040A-1038-3CD1-8071-A92CBCDEF2CD}.MinSizeRel|x64.ActiveCfg = MinSizeRel|x64
		{1EF5040A-1038-3CD1-8071-A92CBCDEF2CD}.RelWithDebInfo|x64.ActiveCfg = RelWithDebInfo|x64
		{A965F410-4DFB-3913-87AA-A00B3AB3869A}.Debug|x64.ActiveCfg = Debug|x64
		{A965F410-4DFB-3913-87AA-A00B3AB3869A}.Debug|x64.Build.0 = Debug|x64
		{A965F410-4DFB-3913-87AA-A00B3AB3869A}.Release|x64.ActiveCfg = Release|x64
		{A965F410-4DFB-3913-87AA-A00B3AB3869A}.Release|x64.Build.0 = Release|x64
		{A965F410-4DFB-3913-87AA-A00B3AB3869A}.MinSizeRel|x64.ActiveCfg = MinSizeRel|x64
		{A965F410-4DFB-3913-87AA-A00B3AB3869A}.MinSizeRel|x64.Build.0 = MinSizeRel|x64
		{A965F410-4DFB-3913-87AA-A00B3AB3869A}.RelWithDebInfo|x64.ActiveCfg = RelWithDebInfo|x64
		{A965F410-4DFB-3913-87AA-A00B3AB3869A}.RelWithDebInfo|x64.Build.0 = RelWithDebInfo|x64
	EndGlobalSection
	GlobalSection(ExtensibilityGlobals) = postSolution
		SolutionGuid = {99853677-B829-31A6-AED5-E9BA42EE2F3B}
	EndGlobalSection
	GlobalSection(ExtensibilityAddIns) = postSolution
	EndGlobalSection
EndGlobal
